
Microsoft Visual Studio Solution File, Format Version 12.00
# Visual Studio 15
VisualStudioVersion = 15.0.27130.2010
MinimumVisualStudioVersion = 10.0.40219.1
Project("{FAE04EC0-301F-11D3-BF4B-00C04F79EFBC}") = "App5.Android", "App5\App5.Android\App5.Android.csproj", "{D46000A7-C320-4DA8-964A-57543D513E04}"
EndProject
Project("{FAE04EC0-301F-11D3-BF4B-00C04F79EFBC}") = "App5.iOS", "App5\App5.iOS\App5.iOS.csproj", "{2EF7CC93-62F2-44E5-8F93-7E9B5375139C}"
EndProject
Project("{FAE04EC0-301F-11D3-BF4B-00C04F79EFBC}") = "App5.UWP", "App5\App5.UWP\App5.UWP.csproj", "{17F0DB27-72D1-4637-A6D2-9658B7011E95}"
EndProject
Project("{D954291E-2A0B-460D-934E-DC6B0785DB48}") = "App5", "App5\App5\App5.shproj", "{DB19D68D-10FC-42CB-B544-A49ECA7D2BEA}"
EndProject
Global
	GlobalSection(SharedMSBuildProjectFiles) = preSolution
		App5\App5\App5.projitems*{17f0db27-72d1-4637-a6d2-9658b7011e95}*SharedItemsImports = 4
		App5\App5\App5.projitems*{2ef7cc93-62f2-44e5-8f93-7e9b5375139c}*SharedItemsImports = 4
		App5\App5\App5.projitems*{d46000a7-c320-4da8-964a-57543d513e04}*SharedItemsImports = 4
		App5\App5\App5.projitems*{db19d68d-10fc-42cb-b544-a49eca7d2bea}*SharedItemsImports = 13
	EndGlobalSection
	GlobalSection(SolutionConfigurationPlatforms) = preSolution
		Ad-Hoc|Any CPU = Ad-Hoc|Any CPU
		Ad-Hoc|ARM = Ad-Hoc|ARM
		Ad-Hoc|iPhone = Ad-Hoc|iPhone
		Ad-Hoc|iPhoneSimulator = Ad-Hoc|iPhoneSimulator
		Ad-Hoc|x64 = Ad-Hoc|x64
		Ad-Hoc|x86 = Ad-Hoc|x86
		AppStore|Any CPU = AppStore|Any CPU
		AppStore|ARM = AppStore|ARM
		AppStore|iPhone = AppStore|iPhone
		AppStore|iPhoneSimulator = AppStore|iPhoneSimulator
		AppStore|x64 = AppStore|x64
		AppStore|x86 = AppStore|x86
		Debug|Any CPU = Debug|Any CPU
		Debug|ARM = Debug|ARM
		Debug|iPhone = Debug|iPhone
		Debug|iPhoneSimulator = Debug|iPhoneSimulator
		Debug|x64 = Debug|x64
		Debug|x86 = Debug|x86
		Release|Any CPU = Release|Any CPU
		Release|ARM = Release|ARM
		Release|iPhone = Release|iPhone
		Release|iPhoneSimulator = Release|iPhoneSimulator
		Release|x64 = Release|x64
		Release|x86 = Release|x86
	EndGlobalSection
	GlobalSection(ProjectConfigurationPlatforms) = postSolution
		{D46000A7-C320-4DA8-964A-57543D513E04}.Ad-Hoc|Any CPU.ActiveCfg = Release|Any CPU
		{D46000A7-C320-4DA8-964A-57543D513E04}.Ad-Hoc|Any CPU.Build.0 = Release|Any CPU
		{D46000A7-C320-4DA8-964A-57543D513E04}.Ad-Hoc|Any CPU.Deploy.0 = Release|Any CPU
		{D46000A7-C320-4DA8-964A-57543D513E04}.Ad-Hoc|ARM.ActiveCfg = Release|Any CPU
		{D46000A7-C320-4DA8-964A-57543D513E04}.Ad-Hoc|ARM.Build.0 = Release|Any CPU
		{D46000A7-C320-4DA8-964A-57543D513E04}.Ad-Hoc|ARM.Deploy.0 = Release|Any CPU
		{D46000A7-C320-4DA8-964A-57543D513E04}.Ad-Hoc|iPhone.ActiveCfg = Release|Any CPU
		{D46000A7-C320-4DA8-964A-57543D513E04}.Ad-Hoc|iPhone.Build.0 = Release|Any CPU
		{D46000A7-C320-4DA8-964A-57543D513E04}.Ad-Hoc|iPhone.Deploy.0 = Release|Any CPU
		{D46000A7-C320-4DA8-964A-57543D513E04}.Ad-Hoc|iPhoneSimulator.ActiveCfg = Release|Any CPU
		{D46000A7-C320-4DA8-964A-57543D513E04}.Ad-Hoc|iPhoneSimulator.Build.0 = Release|Any CPU
		{D46000A7-C320-4DA8-964A-57543D513E04}.Ad-Hoc|iPhoneSimulator.Deploy.0 = Release|Any CPU
		{D46000A7-C320-4DA8-964A-57543D513E04}.Ad-Hoc|x64.ActiveCfg = Release|Any CPU
		{D46000A7-C320-4DA8-964A-57543D513E04}.Ad-Hoc|x64.Build.0 = Release|Any CPU
		{D46000A7-C320-4DA8-964A-57543D513E04}.Ad-Hoc|x64.Deploy.0 = Release|Any CPU
		{D46000A7-C320-4DA8-964A-57543D513E04}.Ad-Hoc|x86.ActiveCfg = Release|Any CPU
		{D46000A7-C320-4DA8-964A-57543D513E04}.Ad-Hoc|x86.Build.0 = Release|Any CPU
		{D46000A7-C320-4DA8-964A-57543D513E04}.Ad-Hoc|x86.Deploy.0 = Release|Any CPU
		{D46000A7-C320-4DA8-964A-57543D513E04}.AppStore|Any CPU.ActiveCfg = Release|Any CPU
		{D46000A7-C320-4DA8-964A-57543D513E04}.AppStore|Any CPU.Build.0 = Release|Any CPU
		{D46000A7-C320-4DA8-964A-57543D513E04}.AppStore|Any CPU.Deploy.0 = Release|Any CPU
		{D46000A7-C320-4DA8-964A-57543D513E04}.AppStore|ARM.ActiveCfg = Release|Any CPU
		{D46000A7-C320-4DA8-964A-57543D513E04}.AppStore|ARM.Build.0 = Release|Any CPU
		{D46000A7-C320-4DA8-964A-57543D513E04}.AppStore|ARM.Deploy.0 = Release|Any CPU
		{D46000A7-C320-4DA8-964A-57543D513E04}.AppStore|iPhone.ActiveCfg = Release|Any CPU
		{D46000A7-C320-4DA8-964A-57543D513E04}.AppStore|iPhone.Build.0 = Release|Any CPU
		{D46000A7-C320-4DA8-964A-57543D513E04}.AppStore|iPhone.Deploy.0 = Release|Any CPU
		{D46000A7-C320-4DA8-964A-57543D513E04}.AppStore|iPhoneSimulator.ActiveCfg = Release|Any CPU
		{D46000A7-C320-4DA8-964A-57543D513E04}.AppStore|iPhoneSimulator.Build.0 = Release|Any CPU
		{D46000A7-C320-4DA8-964A-57543D513E04}.AppStore|iPhoneSimulator.Deploy.0 = Release|Any CPU
		{D46000A7-C320-4DA8-964A-57543D513E04}.AppStore|x64.ActiveCfg = Release|Any CPU
		{D46000A7-C320-4DA8-964A-57543D513E04}.AppStore|x64.Build.0 = Release|Any CPU
		{D46000A7-C320-4DA8-964A-57543D513E04}.AppStore|x64.Deploy.0 = Release|Any CPU
		{D46000A7-C320-4DA8-964A-57543D513E04}.AppStore|x86.ActiveCfg = Release|Any CPU
		{D46000A7-C320-4DA8-964A-57543D513E04}.AppStore|x86.Build.0 = Release|Any CPU
		{D46000A7-C320-4DA8-964A-57543D513E04}.AppStore|x86.Deploy.0 = Release|Any CPU
		{D46000A7-C320-4DA8-964A-57543D513E04}.Debug|Any CPU.ActiveCfg = Debug|Any CPU
		{D46000A7-C320-4DA8-964A-57543D513E04}.Debug|Any CPU.Build.0 = Debug|Any CPU
		{D46000A7-C320-4DA8-964A-57543D513E04}.Debug|Any CPU.Deploy.0 = Debug|Any CPU
		{D46000A7-C320-4DA8-964A-57543D513E04}.Debug|ARM.ActiveCfg = Debug|Any CPU
		{D46000A7-C320-4DA8-964A-57543D513E04}.Debug|ARM.Build.0 = Debug|Any CPU
		{D46000A7-C320-4DA8-964A-57543D513E04}.Debug|ARM.Deploy.0 = Debug|Any CPU
		{D46000A7-C320-4DA8-964A-57543D513E04}.Debug|iPhone.ActiveCfg = Debug|Any CPU
		{D46000A7-C320-4DA8-964A-57543D513E04}.Debug|iPhone.Build.0 = Debug|Any CPU
		{D46000A7-C320-4DA8-964A-57543D513E04}.Debug|iPhone.Deploy.0 = Debug|Any CPU
		{D46000A7-C320-4DA8-964A-57543D513E04}.Debug|iPhoneSimulator.ActiveCfg = Debug|Any CPU
		{D46000A7-C320-4DA8-964A-57543D513E04}.Debug|iPhoneSimulator.Build.0 = Debug|Any CPU
		{D46000A7-C320-4DA8-964A-57543D513E04}.Debug|iPhoneSimulator.Deploy.0 = Debug|Any CPU
		{D46000A7-C320-4DA8-964A-57543D513E04}.Debug|x64.ActiveCfg = Debug|Any CPU
		{D46000A7-C320-4DA8-964A-57543D513E04}.Debug|x64.Build.0 = Debug|Any CPU
		{D46000A7-C320-4DA8-964A-57543D513E04}.Debug|x64.Deploy.0 = Debug|Any CPU
		{D46000A7-C320-4DA8-964A-57543D513E04}.Debug|x86.ActiveCfg = Debug|Any CPU
		{D46000A7-C320-4DA8-964A-57543D513E04}.Debug|x86.Build.0 = Debug|Any CPU
		{D46000A7-C320-4DA8-964A-57543D513E04}.Debug|x86.Deploy.0 = Debug|Any CPU
		{D46000A7-C320-4DA8-964A-57543D513E04}.Release|Any CPU.ActiveCfg = Release|Any CPU
		{D46000A7-C320-4DA8-964A-57543D513E04}.Release|Any CPU.Build.0 = Release|Any CPU
		{D46000A7-C320-4DA8-964A-57543D513E04}.Release|Any CPU.Deploy.0 = Release|Any CPU
		{D46000A7-C320-4DA8-964A-57543D513E04}.Release|ARM.ActiveCfg = Release|Any CPU
		{D46000A7-C320-4DA8-964A-57543D513E04}.Release|ARM.Build.0 = Release|Any CPU
		{D46000A7-C320-4DA8-964A-57543D513E04}.Release|ARM.Deploy.0 = Release|Any CPU
		{D46000A7-C320-4DA8-964A-57543D513E04}.Release|iPhone.ActiveCfg = Release|Any CPU
		{D46000A7-C320-4DA8-964A-57543D513E04}.Release|iPhone.Build.0 = Release|Any CPU
		{D46000A7-C320-4DA8-964A-57543D513E04}.Release|iPhone.Deploy.0 = Release|Any CPU
		{D46000A7-C320-4DA8-964A-57543D513E04}.Release|iPhoneSimulator.ActiveCfg = Release|Any CPU
		{D46000A7-C320-4DA8-964A-57543D513E04}.Release|iPhoneSimulator.Build.0 = Release|Any CPU
		{D46000A7-C320-4DA8-964A-57543D513E04}.Release|iPhoneSimulator.Deploy.0 = Release|Any CPU
		{D46000A7-C320-4DA8-964A-57543D513E04}.Release|x64.ActiveCfg = Release|Any CPU
		{D46000A7-C320-4DA8-964A-57543D513E04}.Release|x64.Build.0 = Release|Any CPU
		{D46000A7-C320-4DA8-964A-57543D513E04}.Release|x64.Deploy.0 = Release|Any CPU
		{D46000A7-C320-4DA8-964A-57543D513E04}.Release|x86.ActiveCfg = Release|Any CPU
		{D46000A7-C320-4DA8-964A-57543D513E04}.Release|x86.Build.0 = Release|Any CPU
		{D46000A7-C320-4DA8-964A-57543D513E04}.Release|x86.Deploy.0 = Release|Any CPU
		{2EF7CC93-62F2-44E5-8F93-7E9B5375139C}.Ad-Hoc|Any CPU.ActiveCfg = Ad-Hoc|iPhone
		{2EF7CC93-62F2-44E5-8F93-7E9B5375139C}.Ad-Hoc|ARM.ActiveCfg = Ad-Hoc|iPhone
		{2EF7CC93-62F2-44E5-8F93-7E9B5375139C}.Ad-Hoc|iPhone.ActiveCfg = Ad-Hoc|iPhone
		{2EF7CC93-62F2-44E5-8F93-7E9B5375139C}.Ad-Hoc|iPhone.Build.0 = Ad-Hoc|iPhone
		{2EF7CC93-62F2-44E5-8F93-7E9B5375139C}.Ad-Hoc|iPhoneSimulator.ActiveCfg = Ad-Hoc|iPhoneSimulator
		{2EF7CC93-62F2-44E5-8F93-7E9B5375139C}.Ad-Hoc|iPhoneSimulator.Build.0 = Ad-Hoc|iPhoneSimulator
		{2EF7CC93-62F2-44E5-8F93-7E9B5375139C}.Ad-Hoc|x64.ActiveCfg = Ad-Hoc|iPhone
		{2EF7CC93-62F2-44E5-8F93-7E9B5375139C}.Ad-Hoc|x86.ActiveCfg = Ad-Hoc|iPhone
		{2EF7CC93-62F2-44E5-8F93-7E9B5375139C}.AppStore|Any CPU.ActiveCfg = AppStore|iPhone
		{2EF7CC93-62F2-44E5-8F93-7E9B5375139C}.AppStore|ARM.ActiveCfg = AppStore|iPhone
		{2EF7CC93-62F2-44E5-8F93-7E9B5375139C}.AppStore|iPhone.ActiveCfg = AppStore|iPhone
		{2EF7CC93-62F2-44E5-8F93-7E9B5375139C}.AppStore|iPhone.Build.0 = AppStore|iPhone
		{2EF7CC93-62F2-44E5-8F93-7E9B5375139C}.AppStore|iPhoneSimulator.ActiveCfg = AppStore|iPhoneSimulator
		{2EF7CC93-62F2-44E5-8F93-7E9B5375139C}.AppStore|iPhoneSimulator.Build.0 = AppStore|iPhoneSimulator
		{2EF7CC93-62F2-44E5-8F93-7E9B5375139C}.AppStore|x64.ActiveCfg = AppStore|iPhone
		{2EF7CC93-62F2-44E5-8F93-7E9B5375139C}.AppStore|x86.ActiveCfg = AppStore|iPhone
		{2EF7CC93-62F2-44E5-8F93-7E9B5375139C}.Debug|Any CPU.ActiveCfg = Debug|iPhone
		{2EF7CC93-62F2-44E5-8F93-7E9B5375139C}.Debug|ARM.ActiveCfg = Debug|iPhone
		{2EF7CC93-62F2-44E5-8F93-7E9B5375139C}.Debug|iPhone.ActiveCfg = Debug|iPhone
		{2EF7CC93-62F2-44E5-8F93-7E9B5375139C}.Debug|iPhone.Build.0 = Debug|iPhone
		{2EF7CC93-62F2-44E5-8F93-7E9B5375139C}.Debug|iPhoneSimulator.ActiveCfg = Debug|iPhoneSimulator
		{2EF7CC93-62F2-44E5-8F93-7E9B5375139C}.Debug|iPhoneSimulator.Build.0 = Debug|iPhoneSimulator
		{2EF7CC93-62F2-44E5-8F93-7E9B5375139C}.Debug|x64.ActiveCfg = Debug|iPhone
		{2EF7CC93-62F2-44E5-8F93-7E9B5375139C}.Debug|x86.ActiveCfg = Debug|iPhone
		{2EF7CC93-62F2-44E5-8F93-7E9B5375139C}.Release|Any CPU.ActiveCfg = Release|iPhone
		{2EF7CC93-62F2-44E5-8F93-7E9B5375139C}.Release|ARM.ActiveCfg = Release|iPhone
		{2EF7CC93-62F2-44E5-8F93-7E9B5375139C}.Release|iPhone.ActiveCfg = Release|iPhone
		{2EF7CC93-62F2-44E5-8F93-7E9B5375139C}.Release|iPhone.Build.0 = Release|iPhone
		{2EF7CC93-62F2-44E5-8F93-7E9B5375139C}.Release|iPhoneSimulator.ActiveCfg = Release|iPhoneSimulator
		{2EF7CC93-62F2-44E5-8F93-7E9B5375139C}.Release|iPhoneSimulator.Build.0 = Release|iPhoneSimulator
		{2EF7CC93-62F2-44E5-8F93-7E9B5375139C}.Release|x64.ActiveCfg = Release|iPhone
		{2EF7CC93-62F2-44E5-8F93-7E9B5375139C}.Release|x86.ActiveCfg = Release|iPhone
		{17F0DB27-72D1-4637-A6D2-9658B7011E95}.Ad-Hoc|Any CPU.ActiveCfg = Release|x86
		{17F0DB27-72D1-4637-A6D2-9658B7011E95}.Ad-Hoc|Any CPU.Build.0 = Release|x86
		{17F0DB27-72D1-4637-A6D2-9658B7011E95}.Ad-Hoc|Any CPU.Deploy.0 = Release|x86
		{17F0DB27-72D1-4637-A6D2-9658B7011E95}.Ad-Hoc|ARM.ActiveCfg = Release|ARM
		{17F0DB27-72D1-4637-A6D2-9658B7011E95}.Ad-Hoc|ARM.Build.0 = Release|ARM
		{17F0DB27-72D1-4637-A6D2-9658B7011E95}.Ad-Hoc|ARM.Deploy.0 = Release|ARM
		{17F0DB27-72D1-4637-A6D2-9658B7011E95}.Ad-Hoc|iPhone.ActiveCfg = Release|x86
		{17F0DB27-72D1-4637-A6D2-9658B7011E95}.Ad-Hoc|iPhone.Build.0 = Release|x86
		{17F0DB27-72D1-4637-A6D2-9658B7011E95}.Ad-Hoc|iPhone.Deploy.0 = Release|x86
		{17F0DB27-72D1-4637-A6D2-9658B7011E95}.Ad-Hoc|iPhoneSimulator.ActiveCfg = Release|x86
		{17F0DB27-72D1-4637-A6D2-9658B7011E95}.Ad-Hoc|iPhoneSimulator.Build.0 = Release|x86
		{17F0DB27-72D1-4637-A6D2-9658B7011E95}.Ad-Hoc|iPhoneSimulator.Deploy.0 = Release|x86
		{17F0DB27-72D1-4637-A6D2-9658B7011E95}.Ad-Hoc|x64.ActiveCfg = Release|x64
		{17F0DB27-72D1-4637-A6D2-9658B7011E95}.Ad-Hoc|x64.Build.0 = Release|x64
		{17F0DB27-72D1-4637-A6D2-9658B7011E95}.Ad-Hoc|x64.Deploy.0 = Release|x64
		{17F0DB27-72D1-4637-A6D2-9658B7011E95}.Ad-Hoc|x86.ActiveCfg = Release|x86
		{17F0DB27-72D1-4637-A6D2-9658B7011E95}.Ad-Hoc|x86.Build.0 = Release|x86
		{17F0DB27-72D1-4637-A6D2-9658B7011E95}.Ad-Hoc|x86.Deploy.0 = Release|x86
		{17F0DB27-72D1-4637-A6D2-9658B7011E95}.AppStore|Any CPU.ActiveCfg = Release|x86
		{17F0DB27-72D1-4637-A6D2-9658B7011E95}.AppStore|Any CPU.Build.0 = Release|x86
		{17F0DB27-72D1-4637-A6D2-9658B7011E95}.AppStore|Any CPU.Deploy.0 = Release|x86
		{17F0DB27-72D1-4637-A6D2-9658B7011E95}.AppStore|ARM.ActiveCfg = Release|ARM
		{17F0DB27-72D1-4637-A6D2-9658B7011E95}.AppStore|ARM.Build.0 = Release|ARM
		{17F0DB27-72D1-4637-A6D2-9658B7011E95}.AppStore|ARM.Deploy.0 = Release|ARM
		{17F0DB27-72D1-4637-A6D2-9658B7011E95}.AppStore|iPhone.ActiveCfg = Release|x86
		{17F0DB27-72D1-4637-A6D2-9658B7011E95}.AppStore|iPhone.Build.0 = Release|x86
		{17F0DB27-72D1-4637-A6D2-9658B7011E95}.AppStore|iPhone.Deploy.0 = Release|x86
		{17F0DB27-72D1-4637-A6D2-9658B7011E95}.AppStore|iPhoneSimulator.ActiveCfg = Release|x86
		{17F0DB27-72D1-4637-A6D2-9658B7011E95}.AppStore|iPhoneSimulator.Build.0 = Release|x86
		{17F0DB27-72D1-4637-A6D2-9658B7011E95}.AppStore|iPhoneSimulator.Deploy.0 = Release|x86
		{17F0DB27-72D1-4637-A6D2-9658B7011E95}.AppStore|x64.ActiveCfg = Release|x64
		{17F0DB27-72D1-4637-A6D2-9658B7011E95}.AppStore|x64.Build.0 = Release|x64
		{17F0DB27-72D1-4637-A6D2-9658B7011E95}.AppStore|x64.Deploy.0 = Release|x64
		{17F0DB27-72D1-4637-A6D2-9658B7011E95}.AppStore|x86.ActiveCfg = Release|x86
		{17F0DB27-72D1-4637-A6D2-9658B7011E95}.AppStore|x86.Build.0 = Release|x86
		{17F0DB27-72D1-4637-A6D2-9658B7011E95}.AppStore|x86.Deploy.0 = Release|x86
		{17F0DB27-72D1-4637-A6D2-9658B7011E95}.Debug|Any CPU.ActiveCfg = Debug|x86
		{17F0DB27-72D1-4637-A6D2-9658B7011E95}.Debug|ARM.ActiveCfg = Debug|ARM
		{17F0DB27-72D1-4637-A6D2-9658B7011E95}.Debug|ARM.Build.0 = Debug|ARM
		{17F0DB27-72D1-4637-A6D2-9658B7011E95}.Debug|ARM.Deploy.0 = Debug|ARM
		{17F0DB27-72D1-4637-A6D2-9658B7011E95}.Debug|iPhone.ActiveCfg = Debug|x86
		{17F0DB27-72D1-4637-A6D2-9658B7011E95}.Debug|iPhoneSimulator.ActiveCfg = Debug|x86
		{17F0DB27-72D1-4637-A6D2-9658B7011E95}.Debug|x64.ActiveCfg = Debug|x64
		{17F0DB27-72D1-4637-A6D2-9658B7011E95}.Debug|x64.Build.0 = Debug|x64
		{17F0DB27-72D1-4637-A6D2-9658B7011E95}.Debug|x64.Deploy.0 = Debug|x64
		{17F0DB27-72D1-4637-A6D2-9658B7011E95}.Debug|x86.ActiveCfg = Debug|x86
		{17F0DB27-72D1-4637-A6D2-9658B7011E95}.Debug|x86.Build.0 = Debug|x86
		{17F0DB27-72D1-4637-A6D2-9658B7011E95}.Debug|x86.Deploy.0 = Debug|x86
		{17F0DB27-72D1-4637-A6D2-9658B7011E95}.Release|Any CPU.ActiveCfg = Release|x86
		{17F0DB27-72D1-4637-A6D2-9658B7011E95}.Release|ARM.ActiveCfg = Release|ARM
		{17F0DB27-72D1-4637-A6D2-9658B7011E95}.Release|ARM.Build.0 = Release|ARM
		{17F0DB27-72D1-4637-A6D2-9658B7011E95}.Release|ARM.Deploy.0 = Release|ARM
		{17F0DB27-72D1-4637-A6D2-9658B7011E95}.Release|iPhone.ActiveCfg = Release|x86
		{17F0DB27-72D1-4637-A6D2-9658B7011E95}.Release|iPhoneSimulator.ActiveCfg = Release|x86
		{17F0DB27-72D1-4637-A6D2-9658B7011E95}.Release|x64.ActiveCfg = Release|x64
		{17F0DB27-72D1-4637-A6D2-9658B7011E95}.Release|x64.Build.0 = Release|x64
		{17F0DB27-72D1-4637-A6D2-9658B7011E95}.Release|x64.Deploy.0 = Release|x64
		{17F0DB27-72D1-4637-A6D2-9658B7011E95}.Release|x86.ActiveCfg = Release|x86
		{17F0DB27-72D1-4637-A6D2-9658B7011E95}.Release|x86.Build.0 = Release|x86
		{17F0DB27-72D1-4637-A6D2-9658B7011E95}.Release|x86.Deploy.0 = Release|x86
	EndGlobalSection
	GlobalSection(SolutionProperties) = preSolution
		HideSolutionNode = FALSE
	EndGlobalSection
	GlobalSection(ExtensibilityGlobals) = postSolution
		SolutionGuid = {1A9DF59D-461A-40FB-93FE-698DBF836157}
	EndGlobalSection
EndGlobal
